<?xml version="1.0" encoding="utf-8"?>
<Project ToolsVersion="4.0" xmlns="http://schemas.microsoft.com/developer/msbuild/2003">
  <ItemGroup>
    <Filter Include="Source Files">
      <UniqueIdentifier>{4FC737F1-C7A5-4376-A066-2A32D752A2FF}</UniqueIdentifier>
      <Extensions>cpp;c;cc;cxx;def;odl;idl;hpj;bat;asm;asmx</Extensions>
    </Filter>
    <Filter Include="Header Files">
      <UniqueIdentifier>{93995380-89BD-4b04-88EB-625FBE52EBFB}</UniqueIdentifier>
      <Extensions>h;hh;hpp;hxx;hm;inl;inc;xsd</Extensions>
    </Filter>
    <Filter Include="Resource Files">
      <UniqueIdentifier>{67DA6AB6-F800-4c08-8B7A-83BB121AAD01}</UniqueIdentifier>
      <Extensions>rc;ico;cur;bmp;dlg;rc2;rct;bin;rgs;gif;jpg;jpeg;jpe;resx;tiff;tif;png;wav;mfcribbon-ms</Extensions>
    </Filter>
    <Filter Include="Header Files\Shaders">
      <UniqueIdentifier>{94a6bbca-5b15-4779-a9b1-273dc599b6de}</UniqueIdentifier>
    </Filter>
    <Filter Include="Header Files\UI Elements">
      <UniqueIdentifier>{5b6d5fb1-6fec-4671-9dd9-b3f3f3aa2c91}</UniqueIdentifier>
    </Filter>
    <Filter Include="Source Files\UIElements">
      <UniqueIdentifier>{576cf837-a78a-4503-962d-5f846faca340}</UniqueIdentifier>
    </Filter>
    <Filter Include="Header Files\String">
      <UniqueIdentifier>{e06d55dc-1caf-40b4-9c43-761d07c3b47e}</UniqueIdentifier>
    </Filter>
    <Filter Include="Header Files\Assets">
      <UniqueIdentifier>{5b84c266-ed3a-4350-b559-0d61521f9da0}</UniqueIdentifier>
    </Filter>
    <Filter Include="Source Files\Assets">
      <UniqueIdentifier>{0116ae4b-0df4-4edc-9870-28675f3d8840}</UniqueIdentifier>
    </Filter>
    <Filter Include="Source Files\Shaders">
      <UniqueIdentifier>{f495f2e5-6b3d-4368-a2c0-2f3875643a0f}</UniqueIdentifier>
    </Filter>
    <Filter Include="Source Files\String">
      <UniqueIdentifier>{af4e5d90-291b-4eff-8c26-5ec04bdc8ed9}</UniqueIdentifier>
    </Filter>
    <Filter Include="Header Files\UI Elements\Windows">
      <UniqueIdentifier>{c7b89ff0-3961-4694-8743-b73f1541bf53}</UniqueIdentifier>
    </Filter>
    <Filter Include="Header Files\Renderer">
      <UniqueIdentifier>{77f48b0d-58b7-4f2f-bd7f-a03628ef3ed9}</UniqueIdentifier>
    </Filter>
    <Filter Include="Header Files\GL">
      <UniqueIdentifier>{a480df06-34fe-41a5-bd24-bf86ddfebec5}</UniqueIdentifier>
    </Filter>
    <Filter Include="Source Files\Renderer">
      <UniqueIdentifier>{10ad43da-fb76-487b-a2da-0b3a2b1e2a15}</UniqueIdentifier>
    </Filter>
    <Filter Include="Source Files\GL">
      <UniqueIdentifier>{76db7edb-7d75-49b0-bcf4-ab46986eaf14}</UniqueIdentifier>
    </Filter>
    <Filter Include="Header Files\Includes">
      <UniqueIdentifier>{a4f0292f-1a7d-4243-bd1d-b690b111289d}</UniqueIdentifier>
    </Filter>
  </ItemGroup>
  <ItemGroup>
    <ClCompile Include="src\Asset.cpp">
      <Filter>Source Files\Assets</Filter>
    </ClCompile>
    <ClCompile Include="src\AssetManager.cpp">
      <Filter>Source Files\Assets</Filter>
    </ClCompile>
    <ClCompile Include="src\Font.cpp">
      <Filter>Source Files\Assets</Filter>
    </ClCompile>
    <ClCompile Include="src\ImageData.cpp">
      <Filter>Source Files\Assets</Filter>
    </ClCompile>
    <ClCompile Include="src\Model.cpp">
      <Filter>Source Files\Assets</Filter>
    </ClCompile>
    <ClCompile Include="src\GPUModelManager.cpp">
      <Filter>Source Files\GL</Filter>
    </ClCompile>
    <ClCompile Include="src\Texture.cpp">
      <Filter>Source Files\GL</Filter>
    </ClCompile>
    <ClCompile Include="src\Billboard.cpp">
      <Filter>Source Files\Renderer</Filter>
    </ClCompile>
    <ClCompile Include="src\Lights.cpp">
      <Filter>Source Files\Renderer</Filter>
    </ClCompile>
    <ClCompile Include="src\Renderer.cpp">
      <Filter>Source Files\Renderer</Filter>
    </ClCompile>
    <ClCompile Include="src\TextBillboard.cpp">
      <Filter>Source Files\Renderer</Filter>
    </ClCompile>
    <ClCompile Include="src\Shader.cpp">
      <Filter>Source Files\Shaders</Filter>
    </ClCompile>
    <ClCompile Include="src\StringGenerics.cpp">
      <Filter>Source Files\String</Filter>
    </ClCompile>
    <ClCompile Include="src\UIButton.cpp">
      <Filter>Source Files\UIElements</Filter>
    </ClCompile>
    <ClCompile Include="src\UIElement.cpp">
      <Filter>Source Files\UIElements</Filter>
    </ClCompile>
    <ClCompile Include="src\UIInputField.cpp">
      <Filter>Source Files\UIElements</Filter>
    </ClCompile>
    <ClCompile Include="src\UILabel.cpp">
      <Filter>Source Files\UIElements</Filter>
    </ClCompile>
    <ClCompile Include="src\UIMultiTab.cpp">
      <Filter>Source Files\UIElements</Filter>
    </ClCompile>
    <ClCompile Include="src\UIRectangleShape.cpp">
      <Filter>Source Files\UIElements</Filter>
    </ClCompile>
    <ClCompile Include="src\UISlider.cpp">
      <Filter>Source Files\UIElements</Filter>
    </ClCompile>
    <ClCompile Include="src\UISwitchButton.cpp">
      <Filter>Source Files\UIElements</Filter>
    </ClCompile>
    <ClCompile Include="src\UIWindow.cpp">
      <Filter>Source Files\UIElements</Filter>
    </ClCompile>
    <ClCompile Include="src\UIWindowManager.cpp">
      <Filter>Source Files\UIElements</Filter>
    </ClCompile>
    <ClCompile Include="src\Camera.cpp">
      <Filter>Source Files</Filter>
    </ClCompile>
    <ClCompile Include="src\ConfigParser.cpp">
      <Filter>Source Files</Filter>
    </ClCompile>
    <ClCompile Include="src\Console.cpp">
      <Filter>Source Files</Filter>
    </ClCompile>
    <ClCompile Include="src\Engine.cpp">
      <Filter>Source Files</Filter>
    </ClCompile>
    <ClCompile Include="src\Event.cpp">
      <Filter>Source Files</Filter>
    </ClCompile>
    <ClCompile Include="src\Keyboard.cpp">
      <Filter>Source Files</Filter>
    </ClCompile>
    <ClCompile Include="src\MaterialLibrary.cpp">
      <Filter>Source Files</Filter>
    </ClCompile>
    <ClCompile Include="src\Mouse.cpp">
      <Filter>Source Files</Filter>
    </ClCompile>
    <ClCompile Include="src\PhysicsWorld.cpp">
      <Filter>Source Files</Filter>
    </ClCompile>
    <ClCompile Include="src\Profiler.cpp">
      <Filter>Source Files</Filter>
    </ClCompile>
    <ClCompile Include="src\UserInputManager.cpp">
      <Filter>Source Files</Filter>
    </ClCompile>
    <ClCompile Include="src\Util.cpp">
      <Filter>Source Files</Filter>
    </ClCompile>
    <ClCompile Include="src\Window.cpp">
      <Filter>Source Files</Filter>
    </ClCompile>
    <ClCompile Include="Text.cpp">
      <Filter>Source Files\Renderer</Filter>
    </ClCompile>
    <ClCompile Include="World.cpp">
      <Filter>Source Files</Filter>
    </ClCompile>
  </ItemGroup>
  <ItemGroup>
    <ClInclude Include="include\Asset.hpp">
      <Filter>Header Files\Assets</Filter>
    </ClInclude>
    <ClInclude Include="include\AssetManager.hpp">
      <Filter>Header Files\Assets</Filter>
    </ClInclude>
    <ClInclude Include="include\Font.hpp">
      <Filter>Header Files\Assets</Filter>
    </ClInclude>
    <ClInclude Include="include\Material.hpp">
      <Filter>Header Files\Assets</Filter>
    </ClInclude>
    <ClInclude Include="include\MaterialLibrary.hpp">
      <Filter>Header Files\Assets</Filter>
    </ClInclude>
    <ClInclude Include="include\Model.hpp">
      <Filter>Header Files\Assets</Filter>
    </ClInclude>
    <ClInclude Include="include\BufferObjects.hpp">
      <Filter>Header Files\GL</Filter>
    </ClInclude>
    <ClInclude Include="include\Framebuffer.hpp">
      <Filter>Header Files\GL</Filter>
    </ClInclude>
    <ClInclude Include="include\GPUModelManager.hpp">
      <Filter>Header Files\GL</Filter>
    </ClInclude>
    <ClInclude Include="include\Texture.hpp">
      <Filter>Header Files\GL</Filter>
    </ClInclude>
    <ClInclude Include="include\Billboard.hpp">
      <Filter>Header Files\Renderer</Filter>
    </ClInclude>
    <ClInclude Include="include\Lights.hpp">
      <Filter>Header Files\Renderer</Filter>
    </ClInclude>
    <ClInclude Include="include\Renderer.hpp">
      <Filter>Header Files\Renderer</Filter>
    </ClInclude>
    <ClInclude Include="include\RendererData.hpp">
      <Filter>Header Files\Renderer</Filter>
    </ClInclude>
    <ClInclude Include="include\Sampler.hpp">
      <Filter>Header Files\Renderer</Filter>
    </ClInclude>
    <ClInclude Include="include\Text.hpp">
      <Filter>Header Files\Renderer</Filter>
    </ClInclude>
    <ClInclude Include="include\TextBillboard.hpp">
      <Filter>Header Files\Renderer</Filter>
    </ClInclude>
    <ClInclude Include="include\shaders\BilateralBlurShader.hpp">
      <Filter>Header Files\Shaders</Filter>
    </ClInclude>
    <ClInclude Include="include\shaders\DeferredTileCullComputeShader.hpp">
      <Filter>Header Files\Shaders</Filter>
    </ClInclude>
    <ClInclude Include="include\shaders\FrustCullShader.hpp">
      <Filter>Header Files\Shaders</Filter>
    </ClInclude>
    <ClInclude Include="include\shaders\GBufferShaderBase.hpp">
      <Filter>Header Files\Shaders</Filter>
    </ClInclude>
    <ClInclude Include="include\shaders\GBufferShaderClay.hpp">
      <Filter>Header Files\Shaders</Filter>
    </ClInclude>
    <ClInclude Include="include\shaders\GBufferShaderMultiTex.hpp">
      <Filter>Header Files\Shaders</Filter>
    </ClInclude>
    <ClInclude Include="include\shaders\GBufferShaderNonBindlessRegular.hpp">
      <Filter>Header Files\Shaders</Filter>
    </ClInclude>
    <ClInclude Include="include\shaders\GBufferShaderTex.hpp">
      <Filter>Header Files\Shaders</Filter>
    </ClInclude>
    <ClInclude Include="include\shaders\PointShadowPassShader.hpp">
      <Filter>Header Files\Shaders</Filter>
    </ClInclude>
    <ClInclude Include="include\shaders\PrepMultiTexShader.hpp">
      <Filter>Header Files\Shaders</Filter>
    </ClInclude>
    <ClInclude Include="include\shaders\SAOShader.hpp">
      <Filter>Header Files\Shaders</Filter>
    </ClInclude>
    <ClInclude Include="include\shaders\Shader.hpp">
      <Filter>Header Files\Shaders</Filter>
    </ClInclude>
    <ClInclude Include="include\shaders\ShaderStore.hpp">
      <Filter>Header Files\Shaders</Filter>
    </ClInclude>
    <ClInclude Include="include\shaders\Shape2DShader.hpp">
      <Filter>Header Files\Shaders</Filter>
    </ClInclude>
    <ClInclude Include="include\shaders\Shape2DShaderNoTex.hpp">
      <Filter>Header Files\Shaders</Filter>
    </ClInclude>
    <ClInclude Include="include\shaders\Shape3DShader.hpp">
      <Filter>Header Files\Shaders</Filter>
    </ClInclude>
    <ClInclude Include="include\shaders\SpotShadowPassShader.hpp">
      <Filter>Header Files\Shaders</Filter>
    </ClInclude>
    <ClInclude Include="include\shaders\TextShader.hpp">
      <Filter>Header Files\Shaders</Filter>
    </ClInclude>
    <ClInclude Include="include\StringGenerics.hpp">
      <Filter>Header Files\String</Filter>
    </ClInclude>
    <ClInclude Include="include\Strings.hpp">
      <Filter>Header Files\String</Filter>
    </ClInclude>
    <ClInclude Include="include\ui\ProfilingWindow.hpp">
      <Filter>Header Files\UI Elements\Windows</Filter>
    </ClInclude>
    <ClInclude Include="include\ui\RenderConfigWindow.hpp">
      <Filter>Header Files\UI Elements\Windows</Filter>
    </ClInclude>
    <ClInclude Include="include\ui\WorldEditWindow.hpp">
      <Filter>Header Files\UI Elements\Windows</Filter>
    </ClInclude>
    <ClInclude Include="include\ui\UIAllElements.hpp">
      <Filter>Header Files\UI Elements</Filter>
    </ClInclude>
    <ClInclude Include="include\ui\UIButton.hpp">
      <Filter>Header Files\UI Elements</Filter>
    </ClInclude>
    <ClInclude Include="include\ui\UIConsole.hpp">
      <Filter>Header Files\UI Elements</Filter>
    </ClInclude>
    <ClInclude Include="include\ui\UIElement.hpp">
      <Filter>Header Files\UI Elements</Filter>
    </ClInclude>
    <ClInclude Include="include\ui\UIElementContainer.hpp">
      <Filter>Header Files\UI Elements</Filter>
    </ClInclude>
    <ClInclude Include="include\ui\UIInputField.hpp">
      <Filter>Header Files\UI Elements</Filter>
    </ClInclude>
    <ClInclude Include="include\ui\UILabel.hpp">
      <Filter>Header Files\UI Elements</Filter>
    </ClInclude>
    <ClInclude Include="include\ui\UIMultiTab.hpp">
      <Filter>Header Files\UI Elements</Filter>
    </ClInclude>
    <ClInclude Include="include\ui\UIRectangleShape.hpp">
      <Filter>Header Files\UI Elements</Filter>
    </ClInclude>
    <ClInclude Include="include\ui\UISlider.hpp">
      <Filter>Header Files\UI Elements</Filter>
    </ClInclude>
    <ClInclude Include="include\ui\UISwitchButton.hpp">
      <Filter>Header Files\UI Elements</Filter>
    </ClInclude>
    <ClInclude Include="include\ui\UIVertexStore.hpp">
      <Filter>Header Files\UI Elements</Filter>
    </ClInclude>
    <ClInclude Include="include\ui\UIWindow.hpp">
      <Filter>Header Files\UI Elements</Filter>
    </ClInclude>
    <ClInclude Include="include\ui\UIWindowManager.hpp">
      <Filter>Header Files\UI Elements</Filter>
    </ClInclude>
    <ClInclude Include="include\Bounds3D.hpp">
      <Filter>Header Files</Filter>
    </ClInclude>
    <ClInclude Include="include\Camera.hpp">
      <Filter>Header Files</Filter>
    </ClInclude>
    <ClInclude Include="include\ConfigParser.hpp">
      <Filter>Header Files</Filter>
    </ClInclude>
    <ClInclude Include="include\Console.hpp">
      <Filter>Header Files</Filter>
    </ClInclude>
    <ClInclude Include="include\Engine.hpp">
      <Filter>Header Files</Filter>
    </ClInclude>
    <ClInclude Include="include\Event.hpp">
      <Filter>Header Files</Filter>
    </ClInclude>
    <ClInclude Include="include\File.hpp">
      <Filter>Header Files</Filter>
    </ClInclude>
    <ClInclude Include="include\Keyboard.hpp">
      <Filter>Header Files</Filter>
    </ClInclude>
    <ClInclude Include="include\Log.hpp">
      <Filter>Header Files</Filter>
    </ClInclude>
    <ClInclude Include="include\Mouse.hpp">
      <Filter>Header Files</Filter>
    </ClInclude>
    <ClInclude Include="include\PhysicsObject.hpp">
      <Filter>Header Files</Filter>
    </ClInclude>
    <ClInclude Include="include\PhysicsWorld.hpp">
      <Filter>Header Files</Filter>
    </ClInclude>
    <ClInclude Include="include\Profiler.hpp">
      <Filter>Header Files</Filter>
    </ClInclude>
    <ClInclude Include="include\QPC.hpp">
      <Filter>Header Files</Filter>
    </ClInclude>
    <ClInclude Include="include\Rect.hpp">
      <Filter>Header Files</Filter>
    </ClInclude>
    <ClInclude Include="include\SceneGraph.hpp">
      <Filter>Header Files</Filter>
    </ClInclude>
    <ClInclude Include="include\Time.hpp">
      <Filter>Header Files</Filter>
    </ClInclude>
    <ClInclude Include="include\Transform.hpp">
      <Filter>Header Files</Filter>
    </ClInclude>
    <ClInclude Include="include\Tweaks.hpp">
      <Filter>Header Files</Filter>
    </ClInclude>
    <ClInclude Include="include\Types.hpp">
      <Filter>Header Files</Filter>
    </ClInclude>
    <ClInclude Include="include\UserInputManager.hpp">
      <Filter>Header Files</Filter>
    </ClInclude>
    <ClInclude Include="include\Util.hpp">
      <Filter>Header Files</Filter>
    </ClInclude>
    <ClInclude Include="include\Window.hpp">
      <Filter>Header Files</Filter>
    </ClInclude>
    <ClInclude Include="include\World.hpp">
      <Filter>Header Files</Filter>
    </ClInclude>
    <ClInclude Include="include\ImageData.hpp">
      <Filter>Header Files</Filter>
    </ClInclude>
    <ClInclude Include="include\MathIncludes.hpp">
      <Filter>Header Files\Includes</Filter>
    </ClInclude>
    <ClInclude Include="include\Include.hpp">
      <Filter>Header Files\Includes</Filter>
    </ClInclude>
    <ClInclude Include="include\GLIncludes.hpp">
      <Filter>Header Files\Includes</Filter>
    </ClInclude>
    <ClInclude Include="include\DrawModes.hpp">
      <Filter>Source Files\Renderer</Filter>
    </ClInclude>
  </ItemGroup>
</Project>